lockfileVersion: '9.0'

settings:
  autoInstallPeers: true
  excludeLinksFromLockfile: false

importers:

  .:
    dependencies:
      ws:
        specifier: ^8.19.0
        version: 8.19.0
      y-websocket:
        specifier: ^3.0.0
        version: 3.0.0(yjs@13.6.29)
      yjs:
        specifier: ^13.6.29
        version: 13.6.29

packages:

  isomorphic.js@0.2.5:
    resolution: {integrity: sha512-PIeMbHqMt4DnUP3MA/Flc0HElYjMXArsw1qwJZcm9sqR8mq3l8NYizFMty0pWwE/tzIGH3EKK5+jes5mAr85yw==}

  lib0@0.2.117:
    resolution: {integrity: sha512-DeXj9X5xDCjgKLU/7RR+/HQEVzuuEUiwldwOGsHK/sfAfELGWEyTcf0x+uOvCvK3O2zPmZePXWL85vtia6GyZw==}
    engines: {node: '>=16'}
    hasBin: true

  ws@8.19.0:
    resolution: {integrity: sha512-blAT2mjOEIi0ZzruJfIhb3nps74PRWTCz1IjglWEEpQl5XS/UNama6u2/rjFkDDouqr4L67ry+1aGIALViWjDg==}
    engines: {node: '>=10.0.0'}
    peerDependencies:
      bufferutil: ^4.0.1
      utf-8-validate: '>=5.0.2'
    peerDependenciesMeta:
      bufferutil:
        optional: true
      utf-8-validate:
        optional: true

  y-protocols@1.0.7:
    resolution: {integrity: sha512-YSVsLoXxO67J6eE/nV4AtFtT3QEotZf5sK5BHxFBXso7VDUT3Tx07IfA6hsu5Q5OmBdMkQVmFZ9QOA7fikWvnw==}
    engines: {node: '>=16.0.0', npm: '>=8.0.0'}
    peerDependencies:
      yjs: ^13.0.0

  y-websocket@3.0.0:
    resolution: {integrity: sha512-mUHy7AzkOZ834T/7piqtlA8Yk6AchqKqcrCXjKW8J1w2lPtRDjz8W5/CvXz9higKAHgKRKqpI3T33YkRFLkPtg==}
    engines: {node: '>=16.0.0', npm: '>=8.0.0'}
    peerDependencies:
      yjs: ^13.5.6

  yjs@13.6.29:
    resolution: {integrity: sha512-kHqDPdltoXH+X4w1lVmMtddE3Oeqq48nM40FD5ojTd8xYhQpzIDcfE2keMSU5bAgRPJBe225WTUdyUgj1DtbiQ==}
    engines: {node: '>=16.0.0', npm: '>=8.0.0'}

snapshots:

  isomorphic.js@0.2.5: {}

  lib0@0.2.117:
    dependencies:
      isomorphic.js: 0.2.5

  ws@8.19.0: {}

  y-protocols@1.0.7(yjs@13.6.29):
    dependencies:
      lib0: 0.2.117
      yjs: 13.6.29

  y-websocket@3.0.0(yjs@13.6.29):
    dependencies:
      lib0: 0.2.117
      y-protocols: 1.0.7(yjs@13.6.29)
      yjs: 13.6.29

  yjs@13.6.29:
    dependencies:
      lib0: 0.2.117
